
Microsoft Visual Studio Solution File, Format Version 12.00
# Visual Studio Version 17
VisualStudioVersion = 17.7.34003.232
MinimumVisualStudioVersion = 10.0.40219.1
Project("{9A19103F-16F7-4668-BE54-9A1E7A4F7556}") = "PostMessage", "PostMessage\PostMessage.csproj", "{A27A7134-A2DF-4053-983C-80E56FE08227}"
EndProject
Global
	GlobalSection(SolutionConfigurationPlatforms) = preSolution
		Debug|Any CPU = Debug|Any CPU
		Release|Any CPU = Release|Any CPU
	EndGlobalSection
	GlobalSection(ProjectConfigurationPlatforms) = postSolution
		{A27A7134-A2DF-4053-983C-80E56FE08227}.Debug|Any CPU.ActiveCfg = Debug|Any CPU
		{A27A7134-A2DF-4053-983C-80E56FE08227}.Debug|Any CPU.Build.0 = Debug|Any CPU
		{A27A7134-A2DF-4053-983C-80E56FE08227}.Release|Any CPU.ActiveCfg = Release|Any CPU
		{A27A7134-A2DF-4053-983C-80E56FE08227}.Release|Any CPU.Build.0 = Release|Any CPU
	EndGlobalSection
	GlobalSection(SolutionProperties) = preSolution
		HideSolutionNode = FALSE
	EndGlobalSection
	GlobalSection(ExtensibilityGlobals) = postSolution
		SolutionGuid = {23B1D9C1-D059-4FAB-B95E-72214BA30F9A}
	EndGlobalSection
EndGlobal
